
Microsoft Visual Studio Solution File, Format Version 12.00
# Visual Studio Version 16
VisualStudioVersion = 16.0.29001.49
MinimumVisualStudioVersion = 10.0.40219.1
Project("{FAE04EC0-301F-11D3-BF4B-00C04F79EFBC}") = "Examination System", "Examination System\Examination System.csproj", "{4E8E03CA-5B4D-4B26-BC7D-3377F62261C6}"
EndProject
Global
	GlobalSection(SolutionConfigurationPlatforms) = preSolution
		Debug|Any CPU = Debug|Any CPU
		DebugLocal|Any CPU = DebugLocal|Any CPU
		Release|Any CPU = Release|Any CPU
	EndGlobalSection
	GlobalSection(ProjectConfigurationPlatforms) = postSolution
		{4E8E03CA-5B4D-4B26-BC7D-3377F62261C6}.Debug|Any CPU.ActiveCfg = Debug|Any CPU
		{4E8E03CA-5B4D-4B26-BC7D-3377F62261C6}.Debug|Any CPU.Build.0 = Debug|Any CPU
		{4E8E03CA-5B4D-4B26-BC7D-3377F62261C6}.DebugLocal|Any CPU.ActiveCfg = Debug|Any CPU
		{4E8E03CA-5B4D-4B26-BC7D-3377F62261C6}.DebugLocal|Any CPU.Build.0 = Debug|Any CPU
		{4E8E03CA-5B4D-4B26-BC7D-3377F62261C6}.Release|Any CPU.ActiveCfg = Release|Any CPU
		{4E8E03CA-5B4D-4B26-BC7D-3377F62261C6}.Release|Any CPU.Build.0 = Release|Any CPU
	EndGlobalSection
	GlobalSection(SolutionProperties) = preSolution
		HideSolutionNode = FALSE
	EndGlobalSection
	GlobalSection(ExtensibilityGlobals) = postSolution
		SolutionGuid = {2FA484A7-A7CC-45ED-A95B-2EE1696302A2}
	EndGlobalSection
EndGlobal
